
Microsoft Visual Studio Solution File, Format Version 12.00
# Visual Studio Version 17
VisualStudioVersion = 17.10.35013.160
MinimumVisualStudioVersion = 10.0.40219.1
Project("{FAE04EC0-301F-11D3-BF4B-00C04F79EFBC}") = "WebFormulario1", "WebFormulario1\WebFormulario1.csproj", "{586C733C-4CA0-497B-9FE9-62D4A45190A1}"
EndProject
Global
	GlobalSection(SolutionConfigurationPlatforms) = preSolution
		Debug|Any CPU = Debug|Any CPU
		Release|Any CPU = Release|Any CPU
	EndGlobalSection
	GlobalSection(ProjectConfigurationPlatforms) = postSolution
		{586C733C-4CA0-497B-9FE9-62D4A45190A1}.Debug|Any CPU.ActiveCfg = Debug|Any CPU
		{586C733C-4CA0-497B-9FE9-62D4A45190A1}.Debug|Any CPU.Build.0 = Debug|Any CPU
		{586C733C-4CA0-497B-9FE9-62D4A45190A1}.Release|Any CPU.ActiveCfg = Release|Any CPU
		{586C733C-4CA0-497B-9FE9-62D4A45190A1}.Release|Any CPU.Build.0 = Release|Any CPU
	EndGlobalSection
	GlobalSection(SolutionProperties) = preSolution
		HideSolutionNode = FALSE
	EndGlobalSection
	GlobalSection(ExtensibilityGlobals) = postSolution
		SolutionGuid = {62A2323E-7780-43E5-AA6B-3330AF80E409}
	EndGlobalSection
EndGlobal
